hash: ad57db461a149fadda777f61bafa73ed65c46ef4f18e9f86b7e282070ea587e2
updated: 2017-03-15T21:05:02.415303554Z
imports:
- name: github.com/boltdb/bolt
  version: 583e8937c61f1af6513608ccc75c97b6abdf4ff9
- name: github.com/kennygrant/sanitize
  version: 6a0bfdde8629a3a3a7418a7eae45c54154692514
- name: github.com/luksen/maildir
  version: 5297d9c3091c7d4891c9d4f6fa743d500c038d6f
- name: github.com/urfave/cli
  version: 9e5b04886c4bfee2ceba1465b8121057355c4e53
testImports:
- name: github.com/onsi/ginkgo
  version: 5ca121185e255e5041d7727d77992618545a93d2
- name: github.com/onsi/gomega
  version: 1de7ab2df9105aa5c15c4d7e14a8a514e3cb8d4b
